// !$*UTF8*$!
{
	archiveVersion = 1;
	classes = {
	};
	objectVersion = 55;
	objects = {

/* Begin PBXBuildFile section */
		9AB904B627DE9B2300C5774D /* AppDelegate.swift in Sources */ = {isa = PBXBuildFile; fileRef = 9AB904B527DE9B2300C5774D /* AppDelegate.swift */; };
		9AB904B827DE9B2300C5774D /* SceneDelegate.swift in Sources */ = {isa = PBXBuildFile; fileRef = 9AB904B727DE9B2300C5774D /* SceneDelegate.swift */; };
		9AB904BA27DE9B2300C5774D /* ViewController.swift in Sources */ = {isa = PBXBuildFile; fileRef = 9AB904B927DE9B2300C5774D /* ViewController.swift */; };
		9AB904BD27DE9B2300C5774D /* Main.storyboard in Resources */ = {isa = PBXBuildFile; fileRef = 9AB904BB27DE9B2300C5774D /* Main.storyboard */; };
		9AB904BF27DE9B2500C5774D /* Assets.xcassets in Resources */ = {isa = PBXBuildFile; fileRef = 9AB904BE27DE9B2500C5774D /* Assets.xcassets */; };
		9AB904C227DE9B2500C5774D /* LaunchScreen.storyboard in Resources */ = {isa = PBXBuildFile; fileRef = 9AB904C027DE9B2500C5774D /* LaunchScreen.storyboard */; };
		9AB904CD27DE9B2500C5774D /* ApplePieTests.swift in Sources */ = {isa = PBXBuildFile; fileRef = 9AB904CC27DE9B2500C5774D /* ApplePieTests.swift */; };
		9AB904D727DE9B2600C5774D /* ApplePieUITests.swift in Sources */ = {isa = PBXBuildFile; fileRef = 9AB904D627DE9B2600C5774D /* ApplePieUITests.swift */; };
		9AB904D927DE9B2600C5774D /* ApplePieUITestsLaunchTests.swift in Sources */ = {isa = PBXBuildFile; fileRef = 9AB904D827DE9B2600C5774D /* ApplePieUITestsLaunchTests.swift */; };
		9AB904E827DED3B700C5774D /* Game.swift in Sources */ = {isa = PBXBuildFile; fileRef = 9AB904E727DED3B600C5774D /* Game.swift */; };
/* End PBXBuildFile section */

/* Begin PBXContainerItemProxy section */
		9AB904C927DE9B2500C5774D /* PBXContainerItemProxy */ = {
			isa = PBXContainerItemProxy;
			containerPortal = 9AB904AA27DE9B2300C5774D /* Project object */;
			proxyType = 1;
			remoteGlobalIDString = 9AB904B127DE9B2300C5774D;
			remoteInfo = ApplePie;
		};
		9AB904D327DE9B2500C5774D /* PBXContainerItemProxy */ = {
			isa = PBXContainerItemProxy;
			containerPortal = 9AB904AA27DE9B2300C5774D /* Project object */;
			proxyType = 1;
			remoteGlobalIDString = 9AB904B127DE9B2300C5774D;
			remoteInfo = ApplePie;
		};
/* End PBXContainerItemProxy section */

/* Begin PBXFileReference section */
		9AB904B227DE9B2300C5774D /* ApplePie.app */ = {isa = PBXFileReference; explicitFileType = wrapper.application; includeInIndex = 0; path = ApplePie.app; sourceTree = BUILT_PRODUCTS_DIR; };
		9AB904B527DE9B2300C5774D /* AppDelegate.swift */ = {isa = PBXFileReference; lastKnownFileType = sourcecode.swift; path = AppDelegate.swift; sourceTree = "<group>"; };
		9AB904B727DE9B2300C5774D /* SceneDelegate.swift */ = {isa = PBXFileReference; lastKnownFileType = sourcecode.swift; path = SceneDelegate.swift; sourceTree = "<group>"; };
		9AB904B927DE9B2300C5774D /* ViewController.swift */ = {isa = PBXFileReference; lastKnownFileType = sourcecode.swift; path = ViewController.swift; sourceTree = "<group>"; };
		9AB904BC27DE9B2300C5774D /* Base */ = {isa = PBXFileReference; lastKnownFileType = file.storyboard; name = Base; path = Base.lproj/Main.storyboard; sourceTree = "<group>"; };
		9AB904BE27DE9B2500C5774D /* Assets.xcassets */ = {isa = PBXFileReference; lastKnownFileType = folder.assetcatalog; path = Assets.xcassets; sourceTree = "<group>"; };
		9AB904C127DE9B2500C5774D /* Base */ = {isa = PBXFileReference; lastKnownFileType = file.storyboard; name = Base; path = Base.lproj/LaunchScreen.storyboard; sourceTree = "<group>"; };
		9AB904C327DE9B2500C5774D /* Info.plist */ = {isa = PBXFileReference; lastKnownFileType = text.plist.xml; path = Info.plist; sourceTree = "<group>"; };
		9AB904C827DE9B2500C5774D /* ApplePieTests.xctest */ = {isa = PBXFileReference; explicitFileType = wrapper.cfbundle; includeInIndex = 0; path = ApplePieTests.xctest; sourceTree = BUILT_PRODUCTS_DIR; };
		9AB904CC27DE9B2500C5774D /* ApplePieTests.swift */ = {isa = PBXFileReference; lastKnownFileType = sourcecode.swift; path = ApplePieTests.swift; sourceTree = "<group>"; };
		9AB904D227DE9B2500C5774D /* ApplePieUITests.xctest */ = {isa = PBXFileReference; explicitFileType = wrapper.cfbundle; includeInIndex = 0; path = ApplePieUITests.xctest; sourceTree = BUILT_PRODUCTS_DIR; };
		9AB904D627DE9B2600C5774D /* ApplePieUITests.swift */ = {isa = PBXFileReference; lastKnownFileType = sourcecode.swift; path = ApplePieUITests.swift; sourceTree = "<group>"; };
		9AB904D827DE9B2600C5774D /* ApplePieUITestsLaunchTests.swift */ = {isa = PBXFileReference; lastKnownFileType = sourcecode.swift; path = ApplePieUITestsLaunchTests.swift; sourceTree = "<group>"; };
		9AB904E727DED3B600C5774D /* Game.swift */ = {isa = PBXFileReference; lastKnownFileType = sourcecode.swift; path = Game.swift; sourceTree = "<group>"; };
/* End PBXFileReference section */

/* Begin PBXFrameworksBuildPhase section */
		9AB904AF27DE9B2300C5774D /* Frameworks */ = {
			isa = PBXFrameworksBuildPhase;
			buildActionMask = 2147483647;
			files = (
			);
			runOnlyForDeploymentPostprocessing = 0;
		};
		9AB904C527DE9B2500C5774D /* Frameworks */ = {
			isa = PBXFrameworksBuildPhase;
			buildActionMask = 2147483647;
			files = (
			);
			runOnlyForDeploymentPostprocessing = 0;
		};
		9AB904CF27DE9B2500C5774D /* Frameworks */ = {
			isa = PBXFrameworksBuildPhase;
			buildActionMask = 2147483647;
			files = (
			);
			runOnlyForDeploymentPostprocessing = 0;
		};
/* End PBXFrameworksBuildPhase section */

/* Begin PBXGroup section */
		9AB904A927DE9B2300C5774D = {
			isa = PBXGroup;
			children = (
				9AB904B427DE9B2300C5774D /* ApplePie */,
				9AB904CB27DE9B2500C5774D /* ApplePieTests */,
				9AB904D527DE9B2500C5774D /* ApplePieUITests */,
				9AB904B327DE9B2300C5774D /* Products */,
			);
			sourceTree = "<group>";
		};
		9AB904B327DE9B2300C5774D /* Products */ = {
			isa = PBXGroup;
			children = (
				9AB904B227DE9B2300C5774D /* ApplePie.app */,
				9AB904C827DE9B2500C5774D /* ApplePieTests.xctest */,
				9AB904D227DE9B2500C5774D /* ApplePieUITests.xctest */,
			);
			name = Products;
			sourceTree = "<group>";
		};
		9AB904B427DE9B2300C5774D /* ApplePie */ = {
			isa = PBXGroup;
			children = (
				9AB904B527DE9B2300C5774D /* AppDelegate.swift */,
				9AB904B727DE9B2300C5774D /* SceneDelegate.swift */,
				9AB904B927DE9B2300C5774D /* ViewController.swift */,
				9AB904E727DED3B600C5774D /* Game.swift */,
				9AB904BB27DE9B2300C5774D /* Main.storyboard */,
				9AB904BE27DE9B2500C5774D /* Assets.xcassets */,
				9AB904C027DE9B2500C5774D /* LaunchScreen.storyboard */,
				9AB904C327DE9B2500C5774D /* Info.plist */,
			);
			path = ApplePie;
			sourceTree = "<group>";
		};
		9AB904CB27DE9B2500C5774D /* ApplePieTests */ = {
			isa = PBXGroup;
			children = (
				9AB904CC27DE9B2500C5774D /* ApplePieTests.swift */,
			);
			path = ApplePieTests;
			sourceTree = "<group>";
		};
		9AB904D527DE9B2500C5774D /* ApplePieUITests */ = {
			isa = PBXGroup;
			children = (
				9AB904D627DE9B2600C5774D /* ApplePieUITests.swift */,
				9AB904D827DE9B2600C5774D /* ApplePieUITestsLaunchTests.swift */,
			);
			path = ApplePieUITests;
			sourceTree = "<group>";
		};
/* End PBXGroup section */

/* Begin PBXNativeTarget section */
		9AB904B127DE9B2300C5774D /* ApplePie */ = {
			isa = PBXNativeTarget;
			buildConfigurationList = 9AB904DC27DE9B2600C5774D /* Build configuration list for PBXNativeTarget "ApplePie" */;
			buildPhases = (
				9AB904AE27DE9B2300C5774D /* Sources */,
				9AB904AF27DE9B2300C5774D /* Frameworks */,
				9AB904B027DE9B2300C5774D /* Resources */,
			);
			buildRules = (
			);
			dependencies = (
			);
			name = ApplePie;
			productName = ApplePie;
			productReference = 9AB904B227DE9B2300C5774D /* ApplePie.app */;
			productType = "com.apple.product-type.application";
		};
		9AB904C727DE9B2500C5774D /* ApplePieTests */ = {
			isa = PBXNativeTarget;
			buildConfigurationList = 9AB904DF27DE9B2600C5774D /* Build configuration list for PBXNativeTarget "ApplePieTests" */;
			buildPhases = (
				9AB904C427DE9B2500C5774D /* Sources */,
				9AB904C527DE9B2500C5774D /* Frameworks */,
				9AB904C627DE9B2500C5774D /* Resources */,
			);
			buildRules = (
			);
			dependencies = (
				9AB904CA27DE9B2500C5774D /* PBXTargetDependency */,
			);
			name = ApplePieTests;
			productName = ApplePieTests;
			productReference = 9AB904C827DE9B2500C5774D /* ApplePieTests.xctest */;
			productType = "com.apple.product-type.bundle.unit-test";
		};
		9AB904D127DE9B2500C5774D /* ApplePieUITests */ = {
			isa = PBXNativeTarget;
			buildConfigurationList = 9AB904E227DE9B2600C5774D /* Build configuration list for PBXNativeTarget "ApplePieUITests" */;
			buildPhases = (
				9AB904CE27DE9B2500C5774D /* Sources */,
				9AB904CF27DE9B2500C5774D /* Frameworks */,
				9AB904D027DE9B2500C5774D /* Resources */,
			);
			buildRules = (
			);
			dependencies = (
				9AB904D427DE9B2500C5774D /* PBXTargetDependency */,
			);
			name = ApplePieUITests;
			productName = ApplePieUITests;
			productReference = 9AB904D227DE9B2500C5774D /* ApplePieUITests.xctest */;
			productType = "com.apple.product-type.bundle.ui-testing";
		};
/* End PBXNativeTarget section */

/* Begin PBXProject section */
		9AB904AA27DE9B2300C5774D /* Project object */ = {
			isa = PBXProject;
			attributes = {
				BuildIndependentTargetsInParallel = 1;
				LastSwiftUpdateCheck = 1320;
				LastUpgradeCheck = 1320;
				TargetAttributes = {
					9AB904B127DE9B2300C5774D = {
						CreatedOnToolsVersion = 13.2.1;
					};
					9AB904C727DE9B2500C5774D = {
						CreatedOnToolsVersion = 13.2.1;
						TestTargetID = 9AB904B127DE9B2300C5774D;
					};
					9AB904D127DE9B2500C5774D = {
						CreatedOnToolsVersion = 13.2.1;
						TestTargetID = 9AB904B127DE9B2300C5774D;
					};
				};
			};
			buildConfigurationList = 9AB904AD27DE9B2300C5774D /* Build configuration list for PBXProject "ApplePie" */;
			compatibilityVersion = "Xcode 13.0";
			developmentRegion = en;
			hasScannedForEncodings = 0;
			knownRegions = (
				en,
				Base,
			);
			mainGroup = 9AB904A927DE9B2300C5774D;
			productRefGroup = 9AB904B327DE9B2300C5774D /* Products */;
			projectDirPath = "";
			projectRoot = "";
			targets = (
				9AB904B127DE9B2300C5774D /* ApplePie */,
				9AB904C727DE9B2500C5774D /* ApplePieTests */,
				9AB904D127DE9B2500C5774D /* ApplePieUITests */,
			);
		};
/* End PBXProject section */

/* Begin PBXResourcesBuildPhase section */
		9AB904B027DE9B2300C5774D /* Resources */ = {
			isa = PBXResourcesBuildPhase;
			buildActionMask = 2147483647;
			files = (
				9AB904C227DE9B2500C5774D /* LaunchScreen.storyboard in Resources */,
				9AB904BF27DE9B2500C5774D /* Assets.xcassets in Resources */,
				9AB904BD27DE9B2300C5774D /* Main.storyboard in Resources */,
			);
			runOnlyForDeploymentPostprocessing = 0;
		};
		9AB904C627DE9B2500C5774D /* Resources */ = {
			isa = PBXResourcesBuildPhase;
			buildActionMask = 2147483647;
			files = (
			);
			runOnlyForDeploymentPostprocessing = 0;
		};
		9AB904D027DE9B2500C5774D /* Resources */ = {
			isa = PBXResourcesBuildPhase;
			buildActionMask = 2147483647;
			files = (
			);
			runOnlyForDeploymentPostprocessing = 0;
		};
/* End PBXResourcesBuildPhase section */

/* Begin PBXSourcesBuildPhase section */
		9AB904AE27DE9B2300C5774D /* Sources */ = {
			isa = PBXSourcesBuildPhase;
			buildActionMask = 2147483647;
			files = (
				9AB904BA27DE9B2300C5774D /* ViewController.swift in Sources */,
				9AB904B627DE9B2300C5774D /* AppDelegate.swift in Sources */,
				9AB904B827DE9B2300C5774D /* SceneDelegate.swift in Sources */,
				9AB904E827DED3B700C5774D /* Game.swift in Sources */,
			);
			runOnlyForDeploymentPostprocessing = 0;
		};
		9AB904C427DE9B2500C5774D /* Sources */ = {
			isa = PBXSourcesBuildPhase;
			buildActionMask = 2147483647;
			files = (
				9AB904CD27DE9B2500C5774D /* ApplePieTests.swift in Sources */,
			);
			runOnlyForDeploymentPostprocessing = 0;
		};
		9AB904CE27DE9B2500C5774D /* Sources */ = {
			isa = PBXSourcesBuildPhase;
			buildActionMask = 2147483647;
			files = (
				9AB904D927DE9B2600C5774D /* ApplePieUITestsLaunchTests.swift in Sources */,
				9AB904D727DE9B2600C5774D /* ApplePieUITests.swift in Sources */,
			);
			runOnlyForDeploymentPostprocessing = 0;
		};
/* End PBXSourcesBuildPhase section */

/* Begin PBXTargetDependency section */
		9AB904CA27DE9B2500C5774D /* PBXTargetDependency */ = {
			isa = PBXTargetDependency;
			target = 9AB904B127DE9B2300C5774D /* ApplePie */;
			targetProxy = 9AB904C927DE9B2500C5774D /* PBXContainerItemProxy */;
		};
		9AB904D427DE9B2500C5774D /* PBXTargetDependency */ = {
			isa = PBXTargetDependency;
			target = 9AB904B127DE9B2300C5774D /* ApplePie */;
			targetProxy = 9AB904D327DE9B2500C5774D /* PBXContainerItemProxy */;
		};
/* End PBXTargetDependency section */

/* Begin PBXVariantGroup section */
		9AB904BB27DE9B2300C5774D /* Main.storyboard */ = {
			isa = PBXVariantGroup;
			children = (
				9AB904BC27DE9B2300C5774D /* Base */,
			);
			name = Main.storyboard;
			sourceTree = "<group>";
		};
		9AB904C027DE9B2500C5774D /* LaunchScreen.storyboard */ = {
			isa = PBXVariantGroup;
			children = (
				9AB904C127DE9B2500C5774D /* Base */,
			);
			name = LaunchScreen.storyboard;
			sourceTree = "<group>";
		};
/* End PBXVariantGroup section */

/* Begin XCBuildConfiguration section */
		9AB904DA27DE9B2600C5774D /* Debug */ = {
			isa = XCBuildConfiguration;
			buildSettings = {
				ALWAYS_SEARCH_USER_PATHS = NO;
				CLANG_ANALYZER_NONNULL = YES;
				CLANG_ANALYZER_NUMBER_OBJECT_CONVERSION = YES_AGGRESSIVE;
				CLANG_CXX_LANGUAGE_STANDARD = "gnu++17";
				CLANG_CXX_LIBRARY = "libc++";
				CLANG_ENABLE_MODULES = YES;
				CLANG_ENABLE_OBJC_ARC = YES;
				CLANG_ENABLE_OBJC_WEAK = YES;
				CLANG_WARN_BLOCK_CAPTURE_AUTORELEASING = YES;
				CLANG_WARN_BOOL_CONVERSION = YES;
				CLANG_WARN_COMMA = YES;
				CLANG_WARN_CONSTANT_CONVERSION = YES;
				CLANG_WARN_DEPRECATED_OBJC_IMPLEMENTATIONS = YES;
				CLANG_WARN_DIRECT_OBJC_ISA_USAGE = YES_ERROR;
				CLANG_WARN_DOCUMENTATION_COMMENTS = YES;
				CLANG_WARN_EMPTY_BODY = YES;
				CLANG_WARN_ENUM_CONVERSION = YES;
				CLANG_WARN_INFINITE_RECURSION = YES;
				CLANG_WARN_INT_CONVERSION = YES;
				CLANG_WARN_NON_LITERAL_NULL_CONVERSION = YES;
				CLANG_WARN_OBJC_IMPLICIT_RETAIN_SELF = YES;
				CLANG_WARN_OBJC_LITERAL_CONVERSION = YES;
				CLANG_WARN_OBJC_ROOT_CLASS = YES_ERROR;
				CLANG_WARN_QUOTED_INCLUDE_IN_FRAMEWORK_HEADER = YES;
				CLANG_WARN_RANGE_LOOP_ANALYSIS = YES;
				CLANG_WARN_STRICT_PROTOTYPES = YES;
				CLANG_WARN_SUSPICIOUS_MOVE = YES;
				CLANG_WARN_UNGUARDED_AVAILABILITY = YES_AGGRESSIVE;
				CLANG_WARN_UNREACHABLE_CODE = YES;
				CLANG_WARN__DUPLICATE_METHOD_MATCH = YES;
				COPY_PHASE_STRIP = NO;
				DEBUG_INFORMATION_FORMAT = dwarf;
				ENABLE_STRICT_OBJC_MSGSEND = YES;
				ENABLE_TESTABILITY = YES;
				GCC_C_LANGUAGE_STANDARD = gnu11;
				GCC_DYNAMIC_NO_PIC = NO;
				GCC_NO_COMMON_BLOCKS = YES;
				GCC_OPTIMIZATION_LEVEL = 0;
				GCC_PREPROCESSOR_DEFINITIONS = (
					"DEBUG=1",
					"$(inherited)",
				);
				GCC_WARN_64_TO_32_BIT_CONVERSION = YES;
				GCC_WARN_ABOUT_RETURN_TYPE = YES_ERROR;
				GCC_WARN_UNDECLARED_SELECTOR = YES;
				GCC_WARN_UNINITIALIZED_AUTOS = YES_AGGRESSIVE;
				GCC_WARN_UNUSED_FUNCTION = YES;
				GCC_WARN_UNUSED_VARIABLE = YES;
				IPHONEOS_DEPLOYMENT_TARGET = 15.2;
				MTL_ENABLE_DEBUG_INFO = INCLUDE_SOURCE;
				MTL_FAST_MATH = YES;
				ONLY_ACTIVE_ARCH = YES;
				SDKROOT = iphoneos;
				SWIFT_ACTIVE_COMPILATION_CONDITIONS = DEBUG;
				SWIFT_OPTIMIZATION_LEVEL = "-Onone";
			};
			name = Debug;
		};
		9AB904DB27DE9B2600C5774D /* Release */ = {
			isa = XCBuildConfiguration;
			buildSettings = {
				ALWAYS_SEARCH_USER_PATHS = NO;
				CLANG_ANALYZER_NONNULL = YES;
				CLANG_ANALYZER_NUMBER_OBJECT_CONVERSION = YES_AGGRESSIVE;
				CLANG_CXX_LANGUAGE_STANDARD = "gnu++17";
				CLANG_CXX_LIBRARY = "libc++";
				CLANG_ENABLE_MODULES = YES;
				CLANG_ENABLE_OBJC_ARC = YES;
				CLANG_ENABLE_OBJC_WEAK = YES;
				CLANG_WARN_BLOCK_CAPTURE_AUTORELEASING = YES;
				CLANG_WARN_BOOL_CONVERSION = YES;
				CLANG_WARN_COMMA = YES;
				CLANG_WARN_CONSTANT_CONVERSION = YES;
				CLANG_WARN_DEPRECATED_OBJC_IMPLEMENTATIONS = YES;
				CLANG_WARN_DIRECT_OBJC_ISA_USAGE = YES_ERROR;
				CLANG_WARN_DOCUMENTATION_COMMENTS = YES;
				CLANG_WARN_EMPTY_BODY = YES;
				CLANG_WARN_ENUM_CONVERSION = YES;
				CLANG_WARN_INFINITE_RECURSION = YES;
				CLANG_WARN_INT_CONVERSION = YES;
				CLANG_WARN_NON_LITERAL_NULL_CONVERSION = YES;
				CLANG_WARN_OBJC_IMPLICIT_RETAIN_SELF = YES;
				CLANG_WARN_OBJC_LITERAL_CONVERSION = YES;
				CLANG_WARN_OBJC_ROOT_CLASS = YES_ERROR;
				CLANG_WARN_QUOTED_INCLUDE_IN_FRAMEWORK_HEADER = YES;
				CLANG_WARN_RANGE_LOOP_ANALYSIS = YES;
				CLANG_WARN_STRICT_PROTOTYPES = YES;
				CLANG_WARN_SUSPICIOUS_MOVE = YES;
				CLANG_WARN_UNGUARDED_AVAILABILITY = YES_AGGRESSIVE;
				CLANG_WARN_UNREACHABLE_CODE = YES;
				CLANG_WARN__DUPLICATE_METHOD_MATCH = YES;
				COPY_PHASE_STRIP = NO;
				DEBUG_INFORMATION_FORMAT = "dwarf-with-dsym";
				ENABLE_NS_ASSERTIONS = NO;
				ENABLE_STRICT_OBJC_MSGSEND = YES;
				GCC_C_LANGUAGE_STANDARD = gnu11;
				GCC_NO_COMMON_BLOCKS = YES;
				GCC_WARN_64_TO_32_BIT_CONVERSION = YES;
				GCC_WARN_ABOUT_RETURN_TYPE = YES_ERROR;
				GCC_WARN_UNDECLARED_SELECTOR = YES;
				GCC_WARN_UNINITIALIZED_AUTOS = YES_AGGRESSIVE;
				GCC_WARN_UNUSED_FUNCTION = YES;
				GCC_WARN_UNUSED_VARIABLE = YES;
				IPHONEOS_DEPLOYMENT_TARGET = 15.2;
				MTL_ENABLE_DEBUG_INFO = NO;
				MTL_FAST_MATH = YES;
				SDKROOT = iphoneos;
				SWIFT_COMPILATION_MODE = wholemodule;
				SWIFT_OPTIMIZATION_LEVEL = "-O";
				VALIDATE_PRODUCT = YES;
			};
			name = Release;
		};
		9AB904DD27DE9B2600C5774D /* Debug */ = {
			isa = XCBuildConfiguration;
			buildSettings = {
				ASSETCATALOG_COMPILER_APPICON_NAME = AppIcon;
				ASSETCATALOG_COMPILER_GLOBAL_ACCENT_COLOR_NAME = AccentColor;
				CODE_SIGN_STYLE = Automatic;
				CURRENT_PROJECT_VERSION = 1;
				GENERATE_INFOPLIST_FILE = YES;
				INFOPLIST_FILE = ApplePie/Info.plist;
				INFOPLIST_KEY_UIApplicationSupportsIndirectInputEvents = YES;
				INFOPLIST_KEY_UILaunchStoryboardName = LaunchScreen;
				INFOPLIST_KEY_UIMainStoryboardFile = Main;
				INFOPLIST_KEY_UISupportedInterfaceOrientations_iPad = "UIInterfaceOrientationPortrait UIInterfaceOrientationPortraitUpsideDown UIInterfaceOrientationLandscapeLeft UIInterfaceOrientationLandscapeRight";
				INFOPLIST_KEY_UISupportedInterfaceOrientations_iPhone = "UIInterfaceOrientationPortrait UIInterfaceOrientationLandscapeLeft UIInterfaceOrientationLandscapeRight";
				LD_RUNPATH_SEARCH_PATHS = (
					"$(inherited)",
					"@executable_path/Frameworks",
				);
				MARKETING_VERSION = 1.0;
				PRODUCT_BUNDLE_IDENTIFIER = Main.ApplePie;
				PRODUCT_NAME = "$(TARGET_NAME)";
				SWIFT_EMIT_LOC_STRINGS = YES;
				SWIFT_VERSION = 5.0;
				TARGETED_DEVICE_FAMILY = 2;
			};
			name = Debug;
		};
		9AB904DE27DE9B2600C5774D /* Release */ = {
			isa = XCBuildConfiguration;
			buildSettings = {
				ASSETCATALOG_COMPILER_APPICON_NAME = AppIcon;
				ASSETCATALOG_COMPILER_GLOBAL_ACCENT_COLOR_NAME = AccentColor;
				CODE_SIGN_STYLE = Automatic;
				CURRENT_PROJECT_VERSION = 1;
				GENERATE_INFOPLIST_FILE = YES;
				INFOPLIST_FILE = ApplePie/Info.plist;
				INFOPLIST_KEY_UIApplicationSupportsIndirectInputEvents = YES;
				INFOPLIST_KEY_UILaunchStoryboardName = LaunchScreen;
				INFOPLIST_KEY_UIMainStoryboardFile = Main;
				INFOPLIST_KEY_UISupportedInterfaceOrientations_iPad = "UIInterfaceOrientationPortrait UIInterfaceOrientationPortraitUpsideDown UIInterfaceOrientationLandscapeLeft UIInterfaceOrientationLandscapeRight";
				INFOPLIST_KEY_UISupportedInterfaceOrientations_iPhone = "UIInterfaceOrientationPortrait UIInterfaceOrientationLandscapeLeft UIInterfaceOrientationLandscapeRight";
				LD_RUNPATH_SEARCH_PATHS = (
					"$(inherited)",
					"@executable_path/Frameworks",
				);
				MARKETING_VERSION = 1.0;
				PRODUCT_BUNDLE_IDENTIFIER = Main.ApplePie;
				PRODUCT_NAME = "$(TARGET_NAME)";
				SWIFT_EMIT_LOC_STRINGS = YES;
				SWIFT_VERSION = 5.0;
				TARGETED_DEVICE_FAMILY = 2;
			};
			name = Release;
		};
		9AB904E027DE9B2600C5774D /* Debug */ = {
			isa = XCBuildConfiguration;
			buildSettings = {
				ALWAYS_EMBED_SWIFT_STANDARD_LIBRARIES = YES;
				BUNDLE_LOADER = "$(TEST_HOST)";
				CODE_SIGN_STYLE = Automatic;
				CURRENT_PROJECT_VERSION = 1;
				GENERATE_INFOPLIST_FILE = YES;
				IPHONEOS_DEPLOYMENT_TARGET = 15.2;
				MARKETING_VERSION = 1.0;
				PRODUCT_BUNDLE_IDENTIFIER = Main.ApplePieTests;
				PRODUCT_NAME = "$(TARGET_NAME)";
				SWIFT_EMIT_LOC_STRINGS = NO;
				SWIFT_VERSION = 5.0;
				TARGETED_DEVICE_FAMILY = "1,2";
				TEST_HOST = "$(BUILT_PRODUCTS_DIR)/ApplePie.app/ApplePie";
			};
			name = Debug;
		};
		9AB904E127DE9B2600C5774D /* Release */ = {
			isa = XCBuildConfiguration;
			buildSettings = {
				ALWAYS_EMBED_SWIFT_STANDARD_LIBRARIES = YES;
				BUNDLE_LOADER = "$(TEST_HOST)";
				CODE_SIGN_STYLE = Automatic;
				CURRENT_PROJECT_VERSION = 1;
				GENERATE_INFOPLIST_FILE = YES;
				IPHONEOS_DEPLOYMENT_TARGET = 15.2;
				MARKETING_VERSION = 1.0;
				PRODUCT_BUNDLE_IDENTIFIER = Main.ApplePieTests;
				PRODUCT_NAME = "$(TARGET_NAME)";
				SWIFT_EMIT_LOC_STRINGS = NO;
				SWIFT_VERSION = 5.0;
				TARGETED_DEVICE_FAMILY = "1,2";
				TEST_HOST = "$(BUILT_PRODUCTS_DIR)/ApplePie.app/ApplePie";
			};
			name = Release;
		};
		9AB904E327DE9B2600C5774D /* Debug */ = {
			isa = XCBuildConfiguration;
			buildSettings = {
				ALWAYS_EMBED_SWIFT_STANDARD_LIBRARIES = YES;
				CODE_SIGN_STYLE = Automatic;
				CURRENT_PROJECT_VERSION = 1;
				GENERATE_INFOPLIST_FILE = YES;
				MARKETING_VERSION = 1.0;
				PRODUCT_BUNDLE_IDENTIFIER = Main.ApplePieUITests;
				PRODUCT_NAME = "$(TARGET_NAME)";
				SWIFT_EMIT_LOC_STRINGS = NO;
				SWIFT_VERSION = 5.0;
				TARGETED_DEVICE_FAMILY = "1,2";
				TEST_TARGET_NAME = ApplePie;
			};
			name = Debug;
		};
		9AB904E427DE9B2600C5774D /* Release */ = {
			isa = XCBuildConfiguration;
			buildSettings = {
				ALWAYS_EMBED_SWIFT_STANDARD_LIBRARIES = YES;
				CODE_SIGN_STYLE = Automatic;
				CURRENT_PROJECT_VERSION = 1;
				GENERATE_INFOPLIST_FILE = YES;
				MARKETING_VERSION = 1.0;
				PRODUCT_BUNDLE_IDENTIFIER = Main.ApplePieUITests;
				PRODUCT_NAME = "$(TARGET_NAME)";
				SWIFT_EMIT_LOC_STRINGS = NO;
				SWIFT_VERSION = 5.0;
				TARGETED_DEVICE_FAMILY = "1,2";
				TEST_TARGET_NAME = ApplePie;
			};
			name = Release;
		};
/* End XCBuildConfiguration section */

/* Begin XCConfigurationList section */
		9AB904AD27DE9B2300C5774D /* Build configuration list for PBXProject "ApplePie" */ = {
			isa = XCConfigurationList;
			buildConfigurations = (
				9AB904DA27DE9B2600C5774D /* Debug */,
				9AB904DB27DE9B2600C5774D /* Release */,
			);
			defaultConfigurationIsVisible = 0;
			defaultConfigurationName = Release;
		};
		9AB904DC27DE9B2600C5774D /* Build configuration list for PBXNativeTarget "ApplePie" */ = {
			isa = XCConfigurationList;
			buildConfigurations = (
				9AB904DD27DE9B2600C5774D /* Debug */,
				9AB904DE27DE9B2600C5774D /* Release */,
			);
			defaultConfigurationIsVisible = 0;
			defaultConfigurationName = Release;
		};
		9AB904DF27DE9B2600C5774D /* Build configuration list for PBXNativeTarget "ApplePieTests" */ = {
			isa = XCConfigurationList;
			buildConfigurations = (
				9AB904E027DE9B2600C5774D /* Debug */,
				9AB904E127DE9B2600C5774D /* Release */,
			);
			defaultConfigurationIsVisible = 0;
			defaultConfigurationName = Release;
		};
		9AB904E227DE9B2600C5774D /* Build configuration list for PBXNativeTarget "ApplePieUITests" */ = {
			isa = XCConfigurationList;
			buildConfigurations = (
				9AB904E327DE9B2600C5774D /* Debug */,
				9AB904E427DE9B2600C5774D /* Release */,
			);
			defaultConfigurationIsVisible = 0;
			defaultConfigurationName = Release;
		};
/* End XCConfigurationList section */
	};
	rootObject = 9AB904AA27DE9B2300C5774D /* Project object */;
}
